
Microsoft Visual Studio Solution File, Format Version 12.00
Project("{2150E333-8FDC-42A3-9474-1A3956D46DE8}") = "Core", "Core", "{5787D8B0-8A7E-4290-92F7-BCADC8D8B0FE}"
EndProject
Project("{FAE04EC0-301F-11D3-BF4B-00C04F79EFBC}") = "Application", "Application\Application.csproj", "{744558B7-6778-4F29-A262-1D6195FCD16C}"
EndProject
Project("{FAE04EC0-301F-11D3-BF4B-00C04F79EFBC}") = "Domain", "Domain\Domain.csproj", "{363EC1BA-2CF2-4956-B3D4-C6C03A47ABC2}"
EndProject
Project("{2150E333-8FDC-42A3-9474-1A3956D46DE8}") = "Infrastructure", "Infrastructure", "{126ECE89-40B9-42FB-B513-563537826AAC}"
EndProject
Project("{FAE04EC0-301F-11D3-BF4B-00C04F79EFBC}") = "Persistence", "Persistence\Persistence.csproj", "{553D3A1B-B2DD-44D3-B6AF-C7F395D15869}"
EndProject
Project("{2150E333-8FDC-42A3-9474-1A3956D46DE8}") = "Presentation", "Presentation", "{BCFF8E99-DAD8-4B38-81A7-007BF8693459}"
EndProject
Project("{FAE04EC0-301F-11D3-BF4B-00C04F79EFBC}") = "WebApi", "WebApi\WebApi.csproj", "{A8301706-D807-4F31-B80C-A3AD91769833}"
EndProject
Project("{FAE04EC0-301F-11D3-BF4B-00C04F79EFBC}") = "Identity", "Identity\Identity.csproj", "{AC994C4B-CBE9-4FB1-9671-A7032345C59C}"
EndProject
Global
	GlobalSection(SolutionConfigurationPlatforms) = preSolution
		Debug|Any CPU = Debug|Any CPU
		Release|Any CPU = Release|Any CPU
	EndGlobalSection
	GlobalSection(NestedProjects) = preSolution
		{744558B7-6778-4F29-A262-1D6195FCD16C} = {5787D8B0-8A7E-4290-92F7-BCADC8D8B0FE}
		{363EC1BA-2CF2-4956-B3D4-C6C03A47ABC2} = {5787D8B0-8A7E-4290-92F7-BCADC8D8B0FE}
		{553D3A1B-B2DD-44D3-B6AF-C7F395D15869} = {126ECE89-40B9-42FB-B513-563537826AAC}
		{A8301706-D807-4F31-B80C-A3AD91769833} = {BCFF8E99-DAD8-4B38-81A7-007BF8693459}
		{AC994C4B-CBE9-4FB1-9671-A7032345C59C} = {126ECE89-40B9-42FB-B513-563537826AAC}
	EndGlobalSection
	GlobalSection(ProjectConfigurationPlatforms) = postSolution
		{744558B7-6778-4F29-A262-1D6195FCD16C}.Debug|Any CPU.ActiveCfg = Debug|Any CPU
		{744558B7-6778-4F29-A262-1D6195FCD16C}.Debug|Any CPU.Build.0 = Debug|Any CPU
		{744558B7-6778-4F29-A262-1D6195FCD16C}.Release|Any CPU.ActiveCfg = Release|Any CPU
		{744558B7-6778-4F29-A262-1D6195FCD16C}.Release|Any CPU.Build.0 = Release|Any CPU
		{363EC1BA-2CF2-4956-B3D4-C6C03A47ABC2}.Debug|Any CPU.ActiveCfg = Debug|Any CPU
		{363EC1BA-2CF2-4956-B3D4-C6C03A47ABC2}.Debug|Any CPU.Build.0 = Debug|Any CPU
		{363EC1BA-2CF2-4956-B3D4-C6C03A47ABC2}.Release|Any CPU.ActiveCfg = Release|Any CPU
		{363EC1BA-2CF2-4956-B3D4-C6C03A47ABC2}.Release|Any CPU.Build.0 = Release|Any CPU
		{553D3A1B-B2DD-44D3-B6AF-C7F395D15869}.Debug|Any CPU.ActiveCfg = Debug|Any CPU
		{553D3A1B-B2DD-44D3-B6AF-C7F395D15869}.Debug|Any CPU.Build.0 = Debug|Any CPU
		{553D3A1B-B2DD-44D3-B6AF-C7F395D15869}.Release|Any CPU.ActiveCfg = Release|Any CPU
		{553D3A1B-B2DD-44D3-B6AF-C7F395D15869}.Release|Any CPU.Build.0 = Release|Any CPU
		{A8301706-D807-4F31-B80C-A3AD91769833}.Debug|Any CPU.ActiveCfg = Debug|Any CPU
		{A8301706-D807-4F31-B80C-A3AD91769833}.Debug|Any CPU.Build.0 = Debug|Any CPU
		{A8301706-D807-4F31-B80C-A3AD91769833}.Release|Any CPU.ActiveCfg = Release|Any CPU
		{A8301706-D807-4F31-B80C-A3AD91769833}.Release|Any CPU.Build.0 = Release|Any CPU
		{AC994C4B-CBE9-4FB1-9671-A7032345C59C}.Debug|Any CPU.ActiveCfg = Debug|Any CPU
		{AC994C4B-CBE9-4FB1-9671-A7032345C59C}.Debug|Any CPU.Build.0 = Debug|Any CPU
		{AC994C4B-CBE9-4FB1-9671-A7032345C59C}.Release|Any CPU.ActiveCfg = Release|Any CPU
		{AC994C4B-CBE9-4FB1-9671-A7032345C59C}.Release|Any CPU.Build.0 = Release|Any CPU
	EndGlobalSection
EndGlobal
